
Microsoft Visual Studio Solution File, Format Version 12.00
# Visual Studio Version 16
VisualStudioVersion = 16.0.29609.76
MinimumVisualStudioVersion = 10.0.40219.1
Project("{9A19103F-16F7-4668-BE54-9A1E7A4F7556}") = "ArchitectSample.Tests", "ArchitectSample.Tests\ArchitectSample.Tests.csproj", "{883B62D2-AB26-46B9-82DD-06CA35ED6BF4}"
EndProject
Project("{9A19103F-16F7-4668-BE54-9A1E7A4F7556}") = "ArchitectSample.Protocol", "ArchitectSample.Protocol\ArchitectSample.Protocol.csproj", "{39374293-2525-4C15-A206-D257E404BA21}"
EndProject
Project("{9A19103F-16F7-4668-BE54-9A1E7A4F7556}") = "ArchitectSample.Physical", "ArchitectSample.Physical\ArchitectSample.Physical.csproj", "{F2EA8729-EF01-4443-8A4E-089D4F507CA6}"
EndProject
Project("{9A19103F-16F7-4668-BE54-9A1E7A4F7556}") = "ArchitectSample.Logic", "ArchitectSample.Logic\ArchitectSample.Logic.csproj", "{84631958-BA3E-418E-A3B2-3AF3BA11E333}"
EndProject
Project("{9A19103F-16F7-4668-BE54-9A1E7A4F7556}") = "ArchitectSample.ConsoleApp", "ArchitectSample.ConsoleApp\ArchitectSample.ConsoleApp.csproj", "{F0A27317-A586-4D4C-B9BC-BC6B5E052F2D}"
EndProject
Project("{9A19103F-16F7-4668-BE54-9A1E7A4F7556}") = "ArchitectSample.WebApp", "ArchitectSample.WebApp\ArchitectSample.WebApp.csproj", "{040C2356-2C8C-42E8-BE0F-62523B4AF082}"
EndProject
Project("{FAE04EC0-301F-11D3-BF4B-00C04F79EFBC}") = "ArchitectSample.Shared", "ArchitectSample.Shared\ArchitectSample.Shared.csproj", "{7B7EF6B7-3081-4483-8EAC-26D1BC9D6352}"
EndProject
Global
	GlobalSection(SolutionConfigurationPlatforms) = preSolution
		Debug|Any CPU = Debug|Any CPU
		Release|Any CPU = Release|Any CPU
	EndGlobalSection
	GlobalSection(ProjectConfigurationPlatforms) = postSolution
		{883B62D2-AB26-46B9-82DD-06CA35ED6BF4}.Debug|Any CPU.ActiveCfg = Debug|Any CPU
		{883B62D2-AB26-46B9-82DD-06CA35ED6BF4}.Debug|Any CPU.Build.0 = Debug|Any CPU
		{883B62D2-AB26-46B9-82DD-06CA35ED6BF4}.Release|Any CPU.ActiveCfg = Release|Any CPU
		{883B62D2-AB26-46B9-82DD-06CA35ED6BF4}.Release|Any CPU.Build.0 = Release|Any CPU
		{39374293-2525-4C15-A206-D257E404BA21}.Debug|Any CPU.ActiveCfg = Debug|Any CPU
		{39374293-2525-4C15-A206-D257E404BA21}.Debug|Any CPU.Build.0 = Debug|Any CPU
		{39374293-2525-4C15-A206-D257E404BA21}.Release|Any CPU.ActiveCfg = Release|Any CPU
		{39374293-2525-4C15-A206-D257E404BA21}.Release|Any CPU.Build.0 = Release|Any CPU
		{F2EA8729-EF01-4443-8A4E-089D4F507CA6}.Debug|Any CPU.ActiveCfg = Debug|Any CPU
		{F2EA8729-EF01-4443-8A4E-089D4F507CA6}.Debug|Any CPU.Build.0 = Debug|Any CPU
		{F2EA8729-EF01-4443-8A4E-089D4F507CA6}.Release|Any CPU.ActiveCfg = Release|Any CPU
		{F2EA8729-EF01-4443-8A4E-089D4F507CA6}.Release|Any CPU.Build.0 = Release|Any CPU
		{84631958-BA3E-418E-A3B2-3AF3BA11E333}.Debug|Any CPU.ActiveCfg = Debug|Any CPU
		{84631958-BA3E-418E-A3B2-3AF3BA11E333}.Debug|Any CPU.Build.0 = Debug|Any CPU
		{84631958-BA3E-418E-A3B2-3AF3BA11E333}.Release|Any CPU.ActiveCfg = Release|Any CPU
		{84631958-BA3E-418E-A3B2-3AF3BA11E333}.Release|Any CPU.Build.0 = Release|Any CPU
		{F0A27317-A586-4D4C-B9BC-BC6B5E052F2D}.Debug|Any CPU.ActiveCfg = Debug|Any CPU
		{F0A27317-A586-4D4C-B9BC-BC6B5E052F2D}.Debug|Any CPU.Build.0 = Debug|Any CPU
		{F0A27317-A586-4D4C-B9BC-BC6B5E052F2D}.Release|Any CPU.ActiveCfg = Release|Any CPU
		{F0A27317-A586-4D4C-B9BC-BC6B5E052F2D}.Release|Any CPU.Build.0 = Release|Any CPU
		{040C2356-2C8C-42E8-BE0F-62523B4AF082}.Debug|Any CPU.ActiveCfg = Debug|Any CPU
		{040C2356-2C8C-42E8-BE0F-62523B4AF082}.Debug|Any CPU.Build.0 = Debug|Any CPU
		{040C2356-2C8C-42E8-BE0F-62523B4AF082}.Release|Any CPU.ActiveCfg = Release|Any CPU
		{040C2356-2C8C-42E8-BE0F-62523B4AF082}.Release|Any CPU.Build.0 = Release|Any CPU
		{7B7EF6B7-3081-4483-8EAC-26D1BC9D6352}.Debug|Any CPU.ActiveCfg = Debug|Any CPU
		{7B7EF6B7-3081-4483-8EAC-26D1BC9D6352}.Debug|Any CPU.Build.0 = Debug|Any CPU
		{7B7EF6B7-3081-4483-8EAC-26D1BC9D6352}.Release|Any CPU.ActiveCfg = Release|Any CPU
		{7B7EF6B7-3081-4483-8EAC-26D1BC9D6352}.Release|Any CPU.Build.0 = Release|Any CPU
	EndGlobalSection
	GlobalSection(SolutionProperties) = preSolution
		HideSolutionNode = FALSE
	EndGlobalSection
	GlobalSection(ExtensibilityGlobals) = postSolution
		SolutionGuid = {FE621366-EE23-42C2-A878-07055AE33972}
	EndGlobalSection
EndGlobal
