
Microsoft Visual Studio Solution File, Format Version 12.00
# Visual Studio Version 16
VisualStudioVersion = 16.0.29609.76
MinimumVisualStudioVersion = 10.0.40219.1
Project("{FAE04EC0-301F-11D3-BF4B-00C04F79EFBC}") = "ArchitectSample", "ArchitectSample\ArchitectSample.csproj", "{C11C60B8-35CE-4CC9-AB31-170B0F489823}"
EndProject
Project("{FAE04EC0-301F-11D3-BF4B-00C04F79EFBC}") = "ArchitectSample.Tests", "ArchitectSample.Tests\ArchitectSample.Tests.csproj", "{883B62D2-AB26-46B9-82DD-06CA35ED6BF4}"
EndProject
Global
	GlobalSection(SolutionConfigurationPlatforms) = preSolution
		Debug|Any CPU = Debug|Any CPU
		Release|Any CPU = Release|Any CPU
	EndGlobalSection
	GlobalSection(ProjectConfigurationPlatforms) = postSolution
		{C11C60B8-35CE-4CC9-AB31-170B0F489823}.Debug|Any CPU.ActiveCfg = Debug|Any CPU
		{C11C60B8-35CE-4CC9-AB31-170B0F489823}.Debug|Any CPU.Build.0 = Debug|Any CPU
		{C11C60B8-35CE-4CC9-AB31-170B0F489823}.Release|Any CPU.ActiveCfg = Release|Any CPU
		{C11C60B8-35CE-4CC9-AB31-170B0F489823}.Release|Any CPU.Build.0 = Release|Any CPU
		{883B62D2-AB26-46B9-82DD-06CA35ED6BF4}.Debug|Any CPU.ActiveCfg = Debug|Any CPU
		{883B62D2-AB26-46B9-82DD-06CA35ED6BF4}.Debug|Any CPU.Build.0 = Debug|Any CPU
		{883B62D2-AB26-46B9-82DD-06CA35ED6BF4}.Release|Any CPU.ActiveCfg = Release|Any CPU
		{883B62D2-AB26-46B9-82DD-06CA35ED6BF4}.Release|Any CPU.Build.0 = Release|Any CPU
	EndGlobalSection
	GlobalSection(SolutionProperties) = preSolution
		HideSolutionNode = FALSE
	EndGlobalSection
	GlobalSection(ExtensibilityGlobals) = postSolution
		SolutionGuid = {FE621366-EE23-42C2-A878-07055AE33972}
	EndGlobalSection
EndGlobal
