
Microsoft Visual Studio Solution File, Format Version 12.00
# Visual Studio Version 17
VisualStudioVersion = 17.3.32901.215
MinimumVisualStudioVersion = 10.0.40219.1
Project("{FAE04EC0-301F-11D3-BF4B-00C04F79EFBC}") = "TransformXmlSample", "TransformXmlSample\TransformXmlSample.csproj", "{4C452675-EC37-499A-8DF6-1FE23556DBFA}"
EndProject
Global
	GlobalSection(SolutionConfigurationPlatforms) = preSolution
		Debug|Any CPU = Debug|Any CPU
		Release|Any CPU = Release|Any CPU
	EndGlobalSection
	GlobalSection(ProjectConfigurationPlatforms) = postSolution
		{4C452675-EC37-499A-8DF6-1FE23556DBFA}.Debug|Any CPU.ActiveCfg = Debug|Any CPU
		{4C452675-EC37-499A-8DF6-1FE23556DBFA}.Debug|Any CPU.Build.0 = Debug|Any CPU
		{4C452675-EC37-499A-8DF6-1FE23556DBFA}.Release|Any CPU.ActiveCfg = Release|Any CPU
		{4C452675-EC37-499A-8DF6-1FE23556DBFA}.Release|Any CPU.Build.0 = Release|Any CPU
	EndGlobalSection
	GlobalSection(SolutionProperties) = preSolution
		HideSolutionNode = FALSE
	EndGlobalSection
	GlobalSection(ExtensibilityGlobals) = postSolution
		SolutionGuid = {26A75259-C039-4652-BAE4-EB8CB21D88C8}
	EndGlobalSection
EndGlobal
